// !$*UTF8*$!
{
	archiveVersion = 1;
	classes = {
	};
	objectVersion = 46;
	objects = {

/* Begin PBXBuildFile section */
		59DBF60A1E38614900D9B44F /* AppDelegate.swift in Sources */ = {isa = PBXBuildFile; fileRef = 59DBF6091E38614900D9B44F /* AppDelegate.swift */; };
		59DBF60C1E38614900D9B44F /* GameScene.sks in Resources */ = {isa = PBXBuildFile; fileRef = 59DBF60B1E38614900D9B44F /* GameScene.sks */; };
		59DBF60E1E38614900D9B44F /* Actions.sks in Resources */ = {isa = PBXBuildFile; fileRef = 59DBF60D1E38614900D9B44F /* Actions.sks */; };
		59DBF6101E38614900D9B44F /* GameScene.swift in Sources */ = {isa = PBXBuildFile; fileRef = 59DBF60F1E38614900D9B44F /* GameScene.swift */; };
		59DBF6121E38614900D9B44F /* GameViewController.swift in Sources */ = {isa = PBXBuildFile; fileRef = 59DBF6111E38614900D9B44F /* GameViewController.swift */; };
		59DBF6151E38614900D9B44F /* Main.storyboard in Resources */ = {isa = PBXBuildFile; fileRef = 59DBF6131E38614900D9B44F /* Main.storyboard */; };
		59DBF6171E38614900D9B44F /* Assets.xcassets in Resources */ = {isa = PBXBuildFile; fileRef = 59DBF6161E38614900D9B44F /* Assets.xcassets */; };
		59DBF61A1E38614900D9B44F /* LaunchScreen.storyboard in Resources */ = {isa = PBXBuildFile; fileRef = 59DBF6181E38614900D9B44F /* LaunchScreen.storyboard */; };
/* End PBXBuildFile section */

/* Begin PBXFileReference section */
		59DBF6061E38614900D9B44F /* SpriteKitExp.app */ = {isa = PBXFileReference; explicitFileType = wrapper.application; includeInIndex = 0; path = SpriteKitExp.app; sourceTree = BUILT_PRODUCTS_DIR; };
		59DBF6091E38614900D9B44F /* AppDelegate.swift */ = {isa = PBXFileReference; lastKnownFileType = sourcecode.swift; path = AppDelegate.swift; sourceTree = "<group>"; };
		59DBF60B1E38614900D9B44F /* GameScene.sks */ = {isa = PBXFileReference; lastKnownFileType = file.sks; path = GameScene.sks; sourceTree = "<group>"; };
		59DBF60D1E38614900D9B44F /* Actions.sks */ = {isa = PBXFileReference; lastKnownFileType = file.sks; path = Actions.sks; sourceTree = "<group>"; };
		59DBF60F1E38614900D9B44F /* GameScene.swift */ = {isa = PBXFileReference; lastKnownFileType = sourcecode.swift; path = GameScene.swift; sourceTree = "<group>"; };
		59DBF6111E38614900D9B44F /* GameViewController.swift */ = {isa = PBXFileReference; lastKnownFileType = sourcecode.swift; path = GameViewController.swift; sourceTree = "<group>"; };
		59DBF6141E38614900D9B44F /* Base */ = {isa = PBXFileReference; lastKnownFileType = file.storyboard; name = Base; path = Base.lproj/Main.storyboard; sourceTree = "<group>"; };
		59DBF6161E38614900D9B44F /* Assets.xcassets */ = {isa = PBXFileReference; lastKnownFileType = folder.assetcatalog; path = Assets.xcassets; sourceTree = "<group>"; };
		59DBF6191E38614900D9B44F /* Base */ = {isa = PBXFileReference; lastKnownFileType = file.storyboard; name = Base; path = Base.lproj/LaunchScreen.storyboard; sourceTree = "<group>"; };
		59DBF61B1E38614900D9B44F /* Info.plist */ = {isa = PBXFileReference; lastKnownFileType = text.plist.xml; path = Info.plist; sourceTree = "<group>"; };
/* End PBXFileReference section */

/* Begin PBXFrameworksBuildPhase section */
		59DBF6031E38614900D9B44F /* Frameworks */ = {
			isa = PBXFrameworksBuildPhase;
			buildActionMask = 2147483647;
			files = (
			);
			runOnlyForDeploymentPostprocessing = 0;
		};
/* End PBXFrameworksBuildPhase section */

/* Begin PBXGroup section */
		59DBF5FD1E38614900D9B44F = {
			isa = PBXGroup;
			children = (
				59DBF6081E38614900D9B44F /* SpriteKitExp */,
				59DBF6071E38614900D9B44F /* Products */,
			);
			sourceTree = "<group>";
		};
		59DBF6071E38614900D9B44F /* Products */ = {
			isa = PBXGroup;
			children = (
				59DBF6061E38614900D9B44F /* SpriteKitExp.app */,
			);
			name = Products;
			sourceTree = "<group>";
		};
		59DBF6081E38614900D9B44F /* SpriteKitExp */ = {
			isa = PBXGroup;
			children = (
				59DBF6091E38614900D9B44F /* AppDelegate.swift */,
				59DBF60B1E38614900D9B44F /* GameScene.sks */,
				59DBF60D1E38614900D9B44F /* Actions.sks */,
				59DBF60F1E38614900D9B44F /* GameScene.swift */,
				59DBF6111E38614900D9B44F /* GameViewController.swift */,
				59DBF6131E38614900D9B44F /* Main.storyboard */,
				59DBF6161E38614900D9B44F /* Assets.xcassets */,
				59DBF6181E38614900D9B44F /* LaunchScreen.storyboard */,
				59DBF61B1E38614900D9B44F /* Info.plist */,
			);
			path = SpriteKitExp;
			sourceTree = "<group>";
		};
/* End PBXGroup section */

/* Begin PBXNativeTarget section */
		59DBF6051E38614900D9B44F /* SpriteKitExp */ = {
			isa = PBXNativeTarget;
			buildConfigurationList = 59DBF61E1E38614900D9B44F /* Build configuration list for PBXNativeTarget "SpriteKitExp" */;
			buildPhases = (
				59DBF6021E38614900D9B44F /* Sources */,
				59DBF6031E38614900D9B44F /* Frameworks */,
				59DBF6041E38614900D9B44F /* Resources */,
			);
			buildRules = (
			);
			dependencies = (
			);
			name = SpriteKitExp;
			productName = SpriteKitExp;
			productReference = 59DBF6061E38614900D9B44F /* SpriteKitExp.app */;
			productType = "com.apple.product-type.application";
		};
/* End PBXNativeTarget section */

/* Begin PBXProject section */
		59DBF5FE1E38614900D9B44F /* Project object */ = {
			isa = PBXProject;
			attributes = {
				LastSwiftUpdateCheck = 0820;
				LastUpgradeCheck = 0820;
				ORGANIZATIONNAME = "Alex Cao";
				TargetAttributes = {
					59DBF6051E38614900D9B44F = {
						CreatedOnToolsVersion = 8.2.1;
						ProvisioningStyle = Automatic;
					};
				};
			};
			buildConfigurationList = 59DBF6011E38614900D9B44F /* Build configuration list for PBXProject "SpriteKitExp" */;
			compatibilityVersion = "Xcode 3.2";
			developmentRegion = English;
			hasScannedForEncodings = 0;
			knownRegions = (
				en,
				Base,
			);
			mainGroup = 59DBF5FD1E38614900D9B44F;
			productRefGroup = 59DBF6071E38614900D9B44F /* Products */;
			projectDirPath = "";
			projectRoot = "";
			targets = (
				59DBF6051E38614900D9B44F /* SpriteKitExp */,
			);
		};
/* End PBXProject section */

/* Begin PBXResourcesBuildPhase section */
		59DBF6041E38614900D9B44F /* Resources */ = {
			isa = PBXResourcesBuildPhase;
			buildActionMask = 2147483647;
			files = (
				59DBF6151E38614900D9B44F /* Main.storyboard in Resources */,
				59DBF60C1E38614900D9B44F /* GameScene.sks in Resources */,
				59DBF6171E38614900D9B44F /* Assets.xcassets in Resources */,
				59DBF61A1E38614900D9B44F /* LaunchScreen.storyboard in Resources */,
				59DBF60E1E38614900D9B44F /* Actions.sks in Resources */,
			);
			runOnlyForDeploymentPostprocessing = 0;
		};
/* End PBXResourcesBuildPhase section */

/* Begin PBXSourcesBuildPhase section */
		59DBF6021E38614900D9B44F /* Sources */ = {
			isa = PBXSourcesBuildPhase;
			buildActionMask = 2147483647;
			files = (
				59DBF6101E38614900D9B44F /* GameScene.swift in Sources */,
				59DBF6121E38614900D9B44F /* GameViewController.swift in Sources */,
				59DBF60A1E38614900D9B44F /* AppDelegate.swift in Sources */,
			);
			runOnlyForDeploymentPostprocessing = 0;
		};
/* End PBXSourcesBuildPhase section */

/* Begin PBXVariantGroup section */
		59DBF6131E38614900D9B44F /* Main.storyboard */ = {
			isa = PBXVariantGroup;
			children = (
				59DBF6141E38614900D9B44F /* Base */,
			);
			name = Main.storyboard;
			sourceTree = "<group>";
		};
		59DBF6181E38614900D9B44F /* LaunchScreen.storyboard */ = {
			isa = PBXVariantGroup;
			children = (
				59DBF6191E38614900D9B44F /* Base */,
			);
			name = LaunchScreen.storyboard;
			sourceTree = "<group>";
		};
/* End PBXVariantGroup section */

/* Begin XCBuildConfiguration section */
		59DBF61C1E38614900D9B44F /* Debug */ = {
			isa = XCBuildConfiguration;
			buildSettings = {
				ALWAYS_SEARCH_USER_PATHS = NO;
				CLANG_ANALYZER_NONNULL = YES;
				CLANG_CXX_LANGUAGE_STANDARD = "gnu++0x";
				CLANG_CXX_LIBRARY = "libc++";
				CLANG_ENABLE_MODULES = YES;
				CLANG_ENABLE_OBJC_ARC = YES;
				CLANG_WARN_BOOL_CONVERSION = YES;
				CLANG_WARN_CONSTANT_CONVERSION = YES;
				CLANG_WARN_DIRECT_OBJC_ISA_USAGE = YES_ERROR;
				CLANG_WARN_DOCUMENTATION_COMMENTS = YES;
				CLANG_WARN_EMPTY_BODY = YES;
				CLANG_WARN_ENUM_CONVERSION = YES;
				CLANG_WARN_INFINITE_RECURSION = YES;
				CLANG_WARN_INT_CONVERSION = YES;
				CLANG_WARN_OBJC_ROOT_CLASS = YES_ERROR;
				CLANG_WARN_SUSPICIOUS_MOVE = YES;
				CLANG_WARN_UNREACHABLE_CODE = YES;
				CLANG_WARN__DUPLICATE_METHOD_MATCH = YES;
				"CODE_SIGN_IDENTITY[sdk=iphoneos*]" = "iPhone Developer";
				COPY_PHASE_STRIP = NO;
				DEBUG_INFORMATION_FORMAT = dwarf;
				ENABLE_STRICT_OBJC_MSGSEND = YES;
				ENABLE_TESTABILITY = YES;
				GCC_C_LANGUAGE_STANDARD = gnu99;
				GCC_DYNAMIC_NO_PIC = NO;
				GCC_NO_COMMON_BLOCKS = YES;
				GCC_OPTIMIZATION_LEVEL = 0;
				GCC_PREPROCESSOR_DEFINITIONS = (
					"DEBUG=1",
					"$(inherited)",
				);
				GCC_WARN_64_TO_32_BIT_CONVERSION = YES;
				GCC_WARN_ABOUT_RETURN_TYPE = YES_ERROR;
				GCC_WARN_UNDECLARED_SELECTOR = YES;
				GCC_WARN_UNINITIALIZED_AUTOS = YES_AGGRESSIVE;
				GCC_WARN_UNUSED_FUNCTION = YES;
				GCC_WARN_UNUSED_VARIABLE = YES;
				IPHONEOS_DEPLOYMENT_TARGET = 10.2;
				MTL_ENABLE_DEBUG_INFO = YES;
				ONLY_ACTIVE_ARCH = YES;
				SDKROOT = iphoneos;
				SWIFT_ACTIVE_COMPILATION_CONDITIONS = DEBUG;
				SWIFT_OPTIMIZATION_LEVEL = "-Onone";
			};
			name = Debug;
		};
		59DBF61D1E38614900D9B44F /* Release */ = {
			isa = XCBuildConfiguration;
			buildSettings = {
				ALWAYS_SEARCH_USER_PATHS = NO;
				CLANG_ANALYZER_NONNULL = YES;
				CLANG_CXX_LANGUAGE_STANDARD = "gnu++0x";
				CLANG_CXX_LIBRARY = "libc++";
				CLANG_ENABLE_MODULES = YES;
				CLANG_ENABLE_OBJC_ARC = YES;
				CLANG_WARN_BOOL_CONVERSION = YES;
				CLANG_WARN_CONSTANT_CONVERSION = YES;
				CLANG_WARN_DIRECT_OBJC_ISA_USAGE = YES_ERROR;
				CLANG_WARN_DOCUMENTATION_COMMENTS = YES;
				CLANG_WARN_EMPTY_BODY = YES;
				CLANG_WARN_ENUM_CONVERSION = YES;
				CLANG_WARN_INFINITE_RECURSION = YES;
				CLANG_WARN_INT_CONVERSION = YES;
				CLANG_WARN_OBJC_ROOT_CLASS = YES_ERROR;
				CLANG_WARN_SUSPICIOUS_MOVE = YES;
				CLANG_WARN_UNREACHABLE_CODE = YES;
				CLANG_WARN__DUPLICATE_METHOD_MATCH = YES;
				"CODE_SIGN_IDENTITY[sdk=iphoneos*]" = "iPhone Developer";
				COPY_PHASE_STRIP = NO;
				DEBUG_INFORMATION_FORMAT = "dwarf-with-dsym";
				ENABLE_NS_ASSERTIONS = NO;
				ENABLE_STRICT_OBJC_MSGSEND = YES;
				GCC_C_LANGUAGE_STANDARD = gnu99;
				GCC_NO_COMMON_BLOCKS = YES;
				GCC_WARN_64_TO_32_BIT_CONVERSION = YES;
				GCC_WARN_ABOUT_RETURN_TYPE = YES_ERROR;
				GCC_WARN_UNDECLARED_SELECTOR = YES;
				GCC_WARN_UNINITIALIZED_AUTOS = YES_AGGRESSIVE;
				GCC_WARN_UNUSED_FUNCTION = YES;
				GCC_WARN_UNUSED_VARIABLE = YES;
				IPHONEOS_DEPLOYMENT_TARGET = 10.2;
				MTL_ENABLE_DEBUG_INFO = NO;
				SDKROOT = iphoneos;
				SWIFT_OPTIMIZATION_LEVEL = "-Owholemodule";
				VALIDATE_PRODUCT = YES;
			};
			name = Release;
		};
		59DBF61F1E38614900D9B44F /* Debug */ = {
			isa = XCBuildConfiguration;
			buildSettings = {
				ASSETCATALOG_COMPILER_APPICON_NAME = AppIcon;
				INFOPLIST_FILE = SpriteKitExp/Info.plist;
				LD_RUNPATH_SEARCH_PATHS = "$(inherited) @executable_path/Frameworks";
				PRODUCT_BUNDLE_IDENTIFIER = com.cuttlefish.SpriteKitExp;
				PRODUCT_NAME = "$(TARGET_NAME)";
				SWIFT_VERSION = 3.0;
			};
			name = Debug;
		};
		59DBF6201E38614900D9B44F /* Release */ = {
			isa = XCBuildConfiguration;
			buildSettings = {
				ASSETCATALOG_COMPILER_APPICON_NAME = AppIcon;
				INFOPLIST_FILE = SpriteKitExp/Info.plist;
				LD_RUNPATH_SEARCH_PATHS = "$(inherited) @executable_path/Frameworks";
				PRODUCT_BUNDLE_IDENTIFIER = com.cuttlefish.SpriteKitExp;
				PRODUCT_NAME = "$(TARGET_NAME)";
				SWIFT_VERSION = 3.0;
			};
			name = Release;
		};
/* End XCBuildConfiguration section */

/* Begin XCConfigurationList section */
		59DBF6011E38614900D9B44F /* Build configuration list for PBXProject "SpriteKitExp" */ = {
			isa = XCConfigurationList;
			buildConfigurations = (
				59DBF61C1E38614900D9B44F /* Debug */,
				59DBF61D1E38614900D9B44F /* Release */,
			);
			defaultConfigurationIsVisible = 0;
			defaultConfigurationName = Release;
		};
		59DBF61E1E38614900D9B44F /* Build configuration list for PBXNativeTarget "SpriteKitExp" */ = {
			isa = XCConfigurationList;
			buildConfigurations = (
				59DBF61F1E38614900D9B44F /* Debug */,
				59DBF6201E38614900D9B44F /* Release */,
			);
			defaultConfigurationIsVisible = 0;
		};
/* End XCConfigurationList section */
	};
	rootObject = 59DBF5FE1E38614900D9B44F /* Project object */;
}
